<?xml version="1.0" encoding="utf-8"?>
<Project ToolsVersion="4.0" xmlns="http://schemas.microsoft.com/developer/msbuild/2003">
  <ItemGroup>
    <Filter Include="ソース ファイル">
      <UniqueIdentifier>{4FC737F1-C7A5-4376-A066-2A32D752A2FF}</UniqueIdentifier>
      <Extensions>cpp;c;cc;cxx;c++;cppm;ixx;def;odl;idl;hpj;bat;asm;asmx</Extensions>
    </Filter>
    <Filter Include="ヘッダー ファイル">
      <UniqueIdentifier>{93995380-89BD-4b04-88EB-625FBE52EBFB}</UniqueIdentifier>
      <Extensions>h;hh;hpp;hxx;h++;hm;inl;inc;ipp;xsd</Extensions>
    </Filter>
    <Filter Include="リソース ファイル">
      <UniqueIdentifier>{67DA6AB6-F800-4c08-8B7A-83BB121AAD01}</UniqueIdentifier>
      <Extensions>rc;ico;cur;bmp;dlg;rc2;rct;bin;rgs;gif;jpg;jpeg;jpe;resx;tiff;tif;png;wav;mfcribbon-ms</Extensions>
    </Filter>
    <Filter Include="ソース ファイル\00_Main">
      <UniqueIdentifier>{5710fc47-3b8c-4c97-9f94-698d329eb701}</UniqueIdentifier>
    </Filter>
    <Filter Include="ソース ファイル\01_DirectX">
      <UniqueIdentifier>{ad80b291-c0c6-4c88-9585-aa4438c02b25}</UniqueIdentifier>
    </Filter>
    <Filter Include="ソース ファイル\02_System">
      <UniqueIdentifier>{2a040d04-7a46-414c-93ea-5ed6d4ae0133}</UniqueIdentifier>
    </Filter>
    <Filter Include="ヘッダー ファイル\00_Main">
      <UniqueIdentifier>{9bd38d9a-d7db-4f71-8945-2cd82f7753a8}</UniqueIdentifier>
    </Filter>
    <Filter Include="ヘッダー ファイル\01_DirectX">
      <UniqueIdentifier>{ef7f8eb5-591f-4038-977e-60977738835c}</UniqueIdentifier>
    </Filter>
    <Filter Include="ヘッダー ファイル\02_System">
      <UniqueIdentifier>{7a4c33d3-ec5b-4208-b725-63ed73152976}</UniqueIdentifier>
    </Filter>
    <Filter Include="ヘッダー ファイル\03_Assets">
      <UniqueIdentifier>{56bb466b-3a1b-42ad-8cf0-c218e1e6c4f9}</UniqueIdentifier>
    </Filter>
    <Filter Include="ヘッダー ファイル\03_Assets\EffekSeer">
      <UniqueIdentifier>{d83e5de2-a73d-4470-9b5c-f20c9c1444ee}</UniqueIdentifier>
    </Filter>
    <Filter Include="ヘッダー ファイル\03_Assets\Sound">
      <UniqueIdentifier>{8760216e-ac04-4cb2-80c9-b993e3a7e89d}</UniqueIdentifier>
    </Filter>
    <Filter Include="ヘッダー ファイル\03_Assets\2D">
      <UniqueIdentifier>{fa5d2def-3094-478f-91c2-bfba866cd9ee}</UniqueIdentifier>
    </Filter>
    <Filter Include="ヘッダー ファイル\03_Assets\Model">
      <UniqueIdentifier>{e4cf2b08-c174-4e93-9017-03a6b306485b}</UniqueIdentifier>
    </Filter>
    <Filter Include="ヘッダー ファイル\04_Game">
      <UniqueIdentifier>{20531538-1a73-4c1c-b1dd-367567c9c0fc}</UniqueIdentifier>
    </Filter>
    <Filter Include="ヘッダー ファイル\04_Game\01_Camera">
      <UniqueIdentifier>{14df8b3b-0066-4d62-8d05-8661c1a0ce67}</UniqueIdentifier>
    </Filter>
    <Filter Include="ヘッダー ファイル\04_Game\00__Scene">
      <UniqueIdentifier>{d8ebe295-101d-4581-a794-852ce5b3c13a}</UniqueIdentifier>
    </Filter>
    <Filter Include="ソース ファイル\03_Assets">
      <UniqueIdentifier>{0e7cbd74-c152-4255-b373-6f36934aead5}</UniqueIdentifier>
    </Filter>
    <Filter Include="ソース ファイル\03_Assets\EffekSeer">
      <UniqueIdentifier>{80290772-e580-4d63-af78-c474c6b310dd}</UniqueIdentifier>
    </Filter>
    <Filter Include="ソース ファイル\03_Assets\Model">
      <UniqueIdentifier>{3345c097-e8c7-43fb-a0c3-e47ef2fc7bee}</UniqueIdentifier>
    </Filter>
    <Filter Include="ソース ファイル\03_Assets\Sound">
      <UniqueIdentifier>{45c24ec6-e700-409d-8986-40a60fa203e4}</UniqueIdentifier>
    </Filter>
    <Filter Include="ソース ファイル\03_Assets\2D">
      <UniqueIdentifier>{2c82c523-21ce-46e8-b10b-3f8837182868}</UniqueIdentifier>
    </Filter>
    <Filter Include="ソース ファイル\04_Game">
      <UniqueIdentifier>{01802416-f700-4808-89e1-0764a8308379}</UniqueIdentifier>
    </Filter>
    <Filter Include="ソース ファイル\04_Game\01_Camera">
      <UniqueIdentifier>{c0ae956a-945c-4627-a49c-31ab20eac8d0}</UniqueIdentifier>
    </Filter>
    <Filter Include="ソース ファイル\04_Game\00_Scene">
      <UniqueIdentifier>{72381214-ba18-42e2-bbb0-22ecfc257ab4}</UniqueIdentifier>
    </Filter>
    <Filter Include="ソース ファイル\04_Game\02_Character">
      <UniqueIdentifier>{a02cd7d7-6396-4334-acdb-06f00dba8cd6}</UniqueIdentifier>
    </Filter>
    <Filter Include="ヘッダー ファイル\04_Game\02_Character">
      <UniqueIdentifier>{067bdd2c-52c4-41f8-9c24-1d6542679dca}</UniqueIdentifier>
    </Filter>
    <Filter Include="ソース ファイル\04_Game\02_Character\Character_00">
      <UniqueIdentifier>{efc5da23-9735-40db-8956-45e57cc47dd8}</UniqueIdentifier>
    </Filter>
    <Filter Include="ヘッダー ファイル\04_Game\02_Character\Character_00">
      <UniqueIdentifier>{2bd36819-b618-46b2-a756-32f7465490a1}</UniqueIdentifier>
    </Filter>
    <Filter Include="ソース ファイル\04_Game\03_Stage">
      <UniqueIdentifier>{db577238-41ce-43ee-89d6-c4bbc6cd6831}</UniqueIdentifier>
    </Filter>
    <Filter Include="ソース ファイル\04_Game\03_Stage\Stage_00">
      <UniqueIdentifier>{833dbf51-51f5-438d-a951-dbada05c7668}</UniqueIdentifier>
    </Filter>
    <Filter Include="ソース ファイル\04_Game\04_Effect">
      <UniqueIdentifier>{5c0d8d6b-c36f-4e29-9964-ade6148289e5}</UniqueIdentifier>
    </Filter>
    <Filter Include="ソース ファイル\04_Game\05_Base">
      <UniqueIdentifier>{9100d977-a04e-46ff-b0cf-273cf067d7fb}</UniqueIdentifier>
    </Filter>
    <Filter Include="ヘッダー ファイル\04_Game\03_Stage">
      <UniqueIdentifier>{0a11127a-f7bd-4096-a1fb-49a1a150a1c7}</UniqueIdentifier>
    </Filter>
    <Filter Include="ヘッダー ファイル\04_Game\03_Stage\Stage_00">
      <UniqueIdentifier>{100ce985-cf6f-4aa5-8e0e-f3b7c3ffd8c2}</UniqueIdentifier>
    </Filter>
    <Filter Include="ヘッダー ファイル\04_Game\04_Effect">
      <UniqueIdentifier>{f1eb7697-a67b-476c-bfbd-72af7b47bdc6}</UniqueIdentifier>
    </Filter>
    <Filter Include="ヘッダー ファイル\04_Game\05_Base">
      <UniqueIdentifier>{83065f8b-6d0f-43b8-a1e3-479b3cccb0bf}</UniqueIdentifier>
    </Filter>
    <Filter Include="ソース ファイル\04_Game\02_Character\Character_00\Attack">
      <UniqueIdentifier>{1389c4e0-7b3c-4bfe-ad5e-f034843aa51d}</UniqueIdentifier>
    </Filter>
    <Filter Include="ソース ファイル\04_Game\05_Base\00_CharacterBase">
      <UniqueIdentifier>{c0782d59-a471-4294-91f5-eb647c37443e}</UniqueIdentifier>
    </Filter>
    <Filter Include="ソース ファイル\04_Game\05_Base\00_CharacterBase\00_State">
      <UniqueIdentifier>{7c58496e-fcde-468b-a9ba-c2a5f19e4b63}</UniqueIdentifier>
    </Filter>
    <Filter Include="ソース ファイル\04_Game\05_Base\00_CharacterBase\01_Attack">
      <UniqueIdentifier>{a5b8584f-7582-43e0-bb7a-5d172fdd8091}</UniqueIdentifier>
    </Filter>
    <Filter Include="ソース ファイル\04_Game\05_Base\02_StageBase">
      <UniqueIdentifier>{d5d82284-2b32-42fe-9fa8-746dceeac89c}</UniqueIdentifier>
    </Filter>
    <Filter Include="ソース ファイル\04_Game\05_Base\01_AttackBase">
      <UniqueIdentifier>{3f17e47b-c812-47b7-827a-8e56be76482b}</UniqueIdentifier>
    </Filter>
    <Filter Include="ヘッダー ファイル\04_Game\05_Base\00_CharacterBase">
      <UniqueIdentifier>{830d77a3-51fa-4890-b786-bfdf1462d361}</UniqueIdentifier>
    </Filter>
    <Filter Include="ヘッダー ファイル\04_Game\05_Base\01_AttackBase">
      <UniqueIdentifier>{893b0301-9a90-470f-9666-6b9f9f490e2a}</UniqueIdentifier>
    </Filter>
    <Filter Include="ヘッダー ファイル\04_Game\05_Base\02_StageBase">
      <UniqueIdentifier>{6cdf03b3-0004-46fc-9c5a-64d707114d04}</UniqueIdentifier>
    </Filter>
  </ItemGroup>
  <ItemGroup>
    <ClCompile Include="BlendState.cpp">
      <Filter>ソース ファイル\01_DirectX</Filter>
    </ClCompile>
    <ClCompile Include="DirectX.cpp">
      <Filter>ソース ファイル\01_DirectX</Filter>
    </ClCompile>
    <ClCompile Include="SamplerState.cpp">
      <Filter>ソース ファイル\01_DirectX</Filter>
    </ClCompile>
    <ClCompile Include="DirectXTex\Texture.cpp">
      <Filter>ソース ファイル\01_DirectX</Filter>
    </ClCompile>
    <ClCompile Include="WinUtil.cpp">
      <Filter>ソース ファイル\02_System</Filter>
    </ClCompile>
    <ClCompile Include="Timer.cpp">
      <Filter>ソース ファイル\02_System</Filter>
    </ClCompile>
    <ClCompile Include="Input.cpp">
      <Filter>ソース ファイル\02_System</Filter>
    </ClCompile>
    <ClCompile Include="MeshBuffer.cpp">
      <Filter>ソース ファイル\01_DirectX</Filter>
    </ClCompile>
    <ClCompile Include="Shader.cpp">
      <Filter>ソース ファイル\01_DirectX</Filter>
    </ClCompile>
    <ClCompile Include="ConstantBuffer.cpp">
      <Filter>ソース ファイル\01_DirectX</Filter>
    </ClCompile>
    <ClCompile Include="Model.cpp">
      <Filter>ソース ファイル\03_Assets\Model</Filter>
    </ClCompile>
    <ClCompile Include="Model_Contents.cpp">
      <Filter>ソース ファイル\03_Assets\Model</Filter>
    </ClCompile>
    <ClCompile Include="Sprite.cpp">
      <Filter>ソース ファイル\03_Assets\2D</Filter>
    </ClCompile>
    <ClCompile Include="Geometory.cpp">
      <Filter>ソース ファイル\03_Assets\Model</Filter>
    </ClCompile>
    <ClCompile Include="BGM.cpp">
      <Filter>ソース ファイル\03_Assets\Sound</Filter>
    </ClCompile>
    <ClCompile Include="SE.cpp">
      <Filter>ソース ファイル\03_Assets\Sound</Filter>
    </ClCompile>
    <ClCompile Include="Effect_Manager.cpp">
      <Filter>ソース ファイル\03_Assets\EffekSeer</Filter>
    </ClCompile>
    <ClCompile Include="Game3D.cpp">
      <Filter>ソース ファイル\00_Main</Filter>
    </ClCompile>
    <ClCompile Include="Startup.cpp">
      <Filter>ソース ファイル\00_Main</Filter>
    </ClCompile>
    <ClCompile Include="Main.cpp">
      <Filter>ソース ファイル\00_Main</Filter>
    </ClCompile>
    <ClCompile Include="Image2D.cpp">
      <Filter>ソース ファイル\03_Assets\2D</Filter>
    </ClCompile>
    <ClCompile Include="Polyline.cpp">
      <Filter>ソース ファイル\01_DirectX</Filter>
    </ClCompile>
    <ClCompile Include="Calculation.cpp">
      <Filter>ソース ファイル\02_System</Filter>
    </ClCompile>
    <ClCompile Include="ModelDrawer.cpp">
      <Filter>ソース ファイル\03_Assets\Model</Filter>
    </ClCompile>
    <ClCompile Include="CameraManager.cpp">
      <Filter>ソース ファイル\02_System</Filter>
    </ClCompile>
    <ClCompile Include="CameraBase.cpp">
      <Filter>ソース ファイル\02_System</Filter>
    </ClCompile>
    <ClCompile Include="Scene.cpp">
      <Filter>ソース ファイル\02_System</Filter>
    </ClCompile>
    <ClCompile Include="00_SceneGame.cpp">
      <Filter>ソース ファイル\04_Game\00_Scene</Filter>
    </ClCompile>
    <ClCompile Include="Collider.cpp">
      <Filter>ソース ファイル\02_System</Filter>
    </ClCompile>
    <ClCompile Include="Character_00.cpp">
      <Filter>ソース ファイル\04_Game\02_Character\Character_00</Filter>
    </ClCompile>
    <ClCompile Include="00_CameraDebug.cpp">
      <Filter>ソース ファイル\04_Game\01_Camera</Filter>
    </ClCompile>
    <ClCompile Include="Stage_00.cpp">
      <Filter>ソース ファイル\04_Game\03_Stage\Stage_00</Filter>
    </ClCompile>
    <ClCompile Include="XboxKeyboard.cpp">
      <Filter>ソース ファイル\02_System</Filter>
    </ClCompile>
    <ClCompile Include="Character_Base.cpp">
      <Filter>ソース ファイル\04_Game\05_Base\00_CharacterBase</Filter>
    </ClCompile>
    <ClCompile Include="Stage_Base.cpp">
      <Filter>ソース ファイル\04_Game\05_Base\02_StageBase</Filter>
    </ClCompile>
    <ClCompile Include="Attack_Base.cpp">
      <Filter>ソース ファイル\04_Game\05_Base\01_AttackBase</Filter>
    </ClCompile>
    <ClCompile Include="Character_IdleState.cpp">
      <Filter>ソース ファイル\04_Game\05_Base\00_CharacterBase\00_State</Filter>
    </ClCompile>
    <ClCompile Include="Character_WalkState.cpp">
      <Filter>ソース ファイル\04_Game\05_Base\00_CharacterBase\00_State</Filter>
    </ClCompile>
    <ClCompile Include="Character_DashState.cpp">
      <Filter>ソース ファイル\04_Game\05_Base\00_CharacterBase\00_State</Filter>
    </ClCompile>
    <ClCompile Include="Character_JumpState.cpp">
      <Filter>ソース ファイル\04_Game\05_Base\00_CharacterBase\00_State</Filter>
    </ClCompile>
    <ClCompile Include="Character_AirMoveState.cpp">
      <Filter>ソース ファイル\04_Game\05_Base\00_CharacterBase\00_State</Filter>
    </ClCompile>
    <ClCompile Include="Character_AttackState.cpp">
      <Filter>ソース ファイル\04_Game\05_Base\00_CharacterBase\00_State</Filter>
    </ClCompile>
    <ClCompile Include="Character_SmashState.cpp">
      <Filter>ソース ファイル\04_Game\05_Base\00_CharacterBase\00_State</Filter>
    </ClCompile>
    <ClCompile Include="Character_DownState.cpp">
      <Filter>ソース ファイル\04_Game\05_Base\00_CharacterBase\00_State</Filter>
    </ClCompile>
    <ClCompile Include="Character00_Attack01.cpp">
      <Filter>ソース ファイル\04_Game\02_Character\Character_00\Attack</Filter>
    </ClCompile>
    <ClCompile Include="Character00_Attack02.cpp">
      <Filter>ソース ファイル\04_Game\02_Character\Character_00\Attack</Filter>
    </ClCompile>
    <ClCompile Include="Character00_Attack03.cpp">
      <Filter>ソース ファイル\04_Game\02_Character\Character_00\Attack</Filter>
    </ClCompile>
    <ClCompile Include="Character00_AttackS2.cpp">
      <Filter>ソース ファイル\04_Game\02_Character\Character_00\Attack</Filter>
    </ClCompile>
    <ClCompile Include="Character00_AttackS4.cpp">
      <Filter>ソース ファイル\04_Game\02_Character\Character_00\Attack</Filter>
    </ClCompile>
    <ClCompile Include="Character00_AttackAirN.cpp">
      <Filter>ソース ファイル\04_Game\02_Character\Character_00\Attack</Filter>
    </ClCompile>
    <ClCompile Include="Character00_SpecialN.cpp">
      <Filter>ソース ファイル\04_Game\02_Character\Character_00\Attack</Filter>
    </ClCompile>
    <ClCompile Include="Character00_SpecialAirN.cpp">
      <Filter>ソース ファイル\04_Game\02_Character\Character_00\Attack</Filter>
    </ClCompile>
  </ItemGroup>
  <ItemGroup>
    <ClInclude Include="WinUtil.h">
      <Filter>ヘッダー ファイル\02_System</Filter>
    </ClInclude>
    <ClInclude Include="Timer.h">
      <Filter>ヘッダー ファイル\02_System</Filter>
    </ClInclude>
    <ClInclude Include="Input.h">
      <Filter>ヘッダー ファイル\02_System</Filter>
    </ClInclude>
    <ClInclude Include="DirectXTex\Texture.h">
      <Filter>ヘッダー ファイル\01_DirectX</Filter>
    </ClInclude>
    <ClInclude Include="BlendState.h">
      <Filter>ヘッダー ファイル\01_DirectX</Filter>
    </ClInclude>
    <ClInclude Include="DirectX.h">
      <Filter>ヘッダー ファイル\01_DirectX</Filter>
    </ClInclude>
    <ClInclude Include="SamplerState.h">
      <Filter>ヘッダー ファイル\01_DirectX</Filter>
    </ClInclude>
    <ClInclude Include="MeshBuffer.h">
      <Filter>ヘッダー ファイル\01_DirectX</Filter>
    </ClInclude>
    <ClInclude Include="Shader.h">
      <Filter>ヘッダー ファイル\01_DirectX</Filter>
    </ClInclude>
    <ClInclude Include="ConstantBuffer.h">
      <Filter>ヘッダー ファイル\01_DirectX</Filter>
    </ClInclude>
    <ClInclude Include="Game3D.h">
      <Filter>ヘッダー ファイル\00_Main</Filter>
    </ClInclude>
    <ClInclude Include="Main.h">
      <Filter>ヘッダー ファイル\00_Main</Filter>
    </ClInclude>
    <ClInclude Include="Geometory.h">
      <Filter>ヘッダー ファイル\03_Assets\Model</Filter>
    </ClInclude>
    <ClInclude Include="Model.h">
      <Filter>ヘッダー ファイル\03_Assets\Model</Filter>
    </ClInclude>
    <ClInclude Include="Sound.h">
      <Filter>ヘッダー ファイル\03_Assets\Sound</Filter>
    </ClInclude>
    <ClInclude Include="Sprite.h">
      <Filter>ヘッダー ファイル\03_Assets\2D</Filter>
    </ClInclude>
    <ClInclude Include="Image2D.h">
      <Filter>ヘッダー ファイル\03_Assets\2D</Filter>
    </ClInclude>
    <ClInclude Include="Effect_Manager.h">
      <Filter>ヘッダー ファイル\03_Assets\EffekSeer</Filter>
    </ClInclude>
    <ClInclude Include="Polyline.h">
      <Filter>ヘッダー ファイル\01_DirectX</Filter>
    </ClInclude>
    <ClInclude Include="Calculation.h">
      <Filter>ヘッダー ファイル\02_System</Filter>
    </ClInclude>
    <ClInclude Include="ModelDrawer.h">
      <Filter>ヘッダー ファイル\03_Assets\Model</Filter>
    </ClInclude>
    <ClInclude Include="CameraManager.h">
      <Filter>ヘッダー ファイル\02_System</Filter>
    </ClInclude>
    <ClInclude Include="CameraBase.h">
      <Filter>ヘッダー ファイル\02_System</Filter>
    </ClInclude>
    <ClInclude Include="Scene.h">
      <Filter>ヘッダー ファイル\02_System</Filter>
    </ClInclude>
    <ClInclude Include="00_SceneGame.h">
      <Filter>ヘッダー ファイル\04_Game\00__Scene</Filter>
    </ClInclude>
    <ClInclude Include="Collider.h">
      <Filter>ヘッダー ファイル\02_System</Filter>
    </ClInclude>
    <ClInclude Include="00_CameraDebug.h">
      <Filter>ヘッダー ファイル\04_Game\01_Camera</Filter>
    </ClInclude>
    <ClInclude Include="Stage_00.h">
      <Filter>ヘッダー ファイル\04_Game\03_Stage\Stage_00</Filter>
    </ClInclude>
    <ClInclude Include="XboxKeyboard.h">
      <Filter>ヘッダー ファイル\02_System</Filter>
    </ClInclude>
    <ClInclude Include="Stage_Base.h">
      <Filter>ヘッダー ファイル\04_Game\05_Base\02_StageBase</Filter>
    </ClInclude>
    <ClInclude Include="Attack_Base.h">
      <Filter>ヘッダー ファイル\04_Game\05_Base\01_AttackBase</Filter>
    </ClInclude>
    <ClInclude Include="Character_00.h">
      <Filter>ヘッダー ファイル\04_Game\02_Character\Character_00</Filter>
    </ClInclude>
    <ClInclude Include="Character_Base.h">
      <Filter>ヘッダー ファイル\04_Game\05_Base\00_CharacterBase</Filter>
    </ClInclude>
  </ItemGroup>
  <ItemGroup>
    <FxCompile Include="ModelVS.hlsl">
      <Filter>ソース ファイル\03_Assets\Model</Filter>
    </FxCompile>
  </ItemGroup>
</Project>