<?xml version="1.0" encoding="utf-8"?>
<Project ToolsVersion="4.0" xmlns="http://schemas.microsoft.com/developer/msbuild/2003">
  <ItemGroup>
    <Filter Include="ソース ファイル">
      <UniqueIdentifier>{4FC737F1-C7A5-4376-A066-2A32D752A2FF}</UniqueIdentifier>
      <Extensions>cpp;c;cc;cxx;c++;cppm;ixx;def;odl;idl;hpj;bat;asm;asmx</Extensions>
    </Filter>
    <Filter Include="ヘッダー ファイル">
      <UniqueIdentifier>{93995380-89BD-4b04-88EB-625FBE52EBFB}</UniqueIdentifier>
      <Extensions>h;hh;hpp;hxx;h++;hm;inl;inc;ipp;xsd</Extensions>
    </Filter>
    <Filter Include="リソース ファイル">
      <UniqueIdentifier>{67DA6AB6-F800-4c08-8B7A-83BB121AAD01}</UniqueIdentifier>
      <Extensions>rc;ico;cur;bmp;dlg;rc2;rct;bin;rgs;gif;jpg;jpeg;jpe;resx;tiff;tif;png;wav;mfcribbon-ms</Extensions>
    </Filter>
    <Filter Include="ソース ファイル\00_Main">
      <UniqueIdentifier>{5710fc47-3b8c-4c97-9f94-698d329eb701}</UniqueIdentifier>
    </Filter>
    <Filter Include="ソース ファイル\01_DirectX">
      <UniqueIdentifier>{ad80b291-c0c6-4c88-9585-aa4438c02b25}</UniqueIdentifier>
    </Filter>
    <Filter Include="ソース ファイル\02_System">
      <UniqueIdentifier>{2a040d04-7a46-414c-93ea-5ed6d4ae0133}</UniqueIdentifier>
    </Filter>
    <Filter Include="ヘッダー ファイル\00_Main">
      <UniqueIdentifier>{9bd38d9a-d7db-4f71-8945-2cd82f7753a8}</UniqueIdentifier>
    </Filter>
    <Filter Include="ヘッダー ファイル\01_DirectX">
      <UniqueIdentifier>{ef7f8eb5-591f-4038-977e-60977738835c}</UniqueIdentifier>
    </Filter>
    <Filter Include="ヘッダー ファイル\02_System">
      <UniqueIdentifier>{7a4c33d3-ec5b-4208-b725-63ed73152976}</UniqueIdentifier>
    </Filter>
    <Filter Include="ヘッダー ファイル\03_Assets">
      <UniqueIdentifier>{56bb466b-3a1b-42ad-8cf0-c218e1e6c4f9}</UniqueIdentifier>
    </Filter>
    <Filter Include="ヘッダー ファイル\03_Assets\EffekSeer">
      <UniqueIdentifier>{d83e5de2-a73d-4470-9b5c-f20c9c1444ee}</UniqueIdentifier>
    </Filter>
    <Filter Include="ヘッダー ファイル\03_Assets\Sound">
      <UniqueIdentifier>{8760216e-ac04-4cb2-80c9-b993e3a7e89d}</UniqueIdentifier>
    </Filter>
    <Filter Include="ヘッダー ファイル\03_Assets\2D">
      <UniqueIdentifier>{fa5d2def-3094-478f-91c2-bfba866cd9ee}</UniqueIdentifier>
    </Filter>
    <Filter Include="ヘッダー ファイル\03_Assets\Model">
      <UniqueIdentifier>{e4cf2b08-c174-4e93-9017-03a6b306485b}</UniqueIdentifier>
    </Filter>
    <Filter Include="ヘッダー ファイル\04_Game">
      <UniqueIdentifier>{20531538-1a73-4c1c-b1dd-367567c9c0fc}</UniqueIdentifier>
    </Filter>
    <Filter Include="ソース ファイル\03_Assets">
      <UniqueIdentifier>{0e7cbd74-c152-4255-b373-6f36934aead5}</UniqueIdentifier>
    </Filter>
    <Filter Include="ソース ファイル\03_Assets\EffekSeer">
      <UniqueIdentifier>{80290772-e580-4d63-af78-c474c6b310dd}</UniqueIdentifier>
    </Filter>
    <Filter Include="ソース ファイル\03_Assets\Model">
      <UniqueIdentifier>{3345c097-e8c7-43fb-a0c3-e47ef2fc7bee}</UniqueIdentifier>
    </Filter>
    <Filter Include="ソース ファイル\03_Assets\Sound">
      <UniqueIdentifier>{45c24ec6-e700-409d-8986-40a60fa203e4}</UniqueIdentifier>
    </Filter>
    <Filter Include="ソース ファイル\03_Assets\2D">
      <UniqueIdentifier>{2c82c523-21ce-46e8-b10b-3f8837182868}</UniqueIdentifier>
    </Filter>
    <Filter Include="ソース ファイル\04_Game">
      <UniqueIdentifier>{01802416-f700-4808-89e1-0764a8308379}</UniqueIdentifier>
    </Filter>
    <Filter Include="ソース ファイル\04_Game\00_Scene">
      <UniqueIdentifier>{72381214-ba18-42e2-bbb0-22ecfc257ab4}</UniqueIdentifier>
    </Filter>
    <Filter Include="リソース ファイル\imgui">
      <UniqueIdentifier>{897bffab-2655-48cf-8c8f-35ca51306cc4}</UniqueIdentifier>
    </Filter>
    <Filter Include="リソース ファイル\VertexShader">
      <UniqueIdentifier>{5db16706-fd10-4598-8ef5-99f7d34e7e7d}</UniqueIdentifier>
    </Filter>
    <Filter Include="リソース ファイル\PixelShader">
      <UniqueIdentifier>{b3215dd2-0df8-4d44-b6cf-044763a2b681}</UniqueIdentifier>
    </Filter>
    <Filter Include="ソース ファイル\03_Assets\Shader">
      <UniqueIdentifier>{8b3d02c0-64e3-4e10-8568-4cf52f6e8a24}</UniqueIdentifier>
    </Filter>
    <Filter Include="ヘッダー ファイル\03_Assets\Shader">
      <UniqueIdentifier>{52a7b50a-cfe1-4b0b-a3b8-c5ea2f767b3d}</UniqueIdentifier>
    </Filter>
    <Filter Include="ヘッダー ファイル\03_Assets\Rendering">
      <UniqueIdentifier>{f9afa053-6e22-48fb-8338-80091531bb21}</UniqueIdentifier>
    </Filter>
    <Filter Include="ソース ファイル\03_Assets\Rendering">
      <UniqueIdentifier>{aa286861-1335-49de-a49d-364ecc166095}</UniqueIdentifier>
    </Filter>
    <Filter Include="ソース ファイル\03_Assets\3D">
      <UniqueIdentifier>{36ae5bb8-e505-40d4-8d26-596aa05de703}</UniqueIdentifier>
    </Filter>
    <Filter Include="ヘッダー ファイル\03_Assets\3D">
      <UniqueIdentifier>{bb962117-6c4c-4f40-8a50-203817d9c918}</UniqueIdentifier>
    </Filter>
    <Filter Include="ソース ファイル\04_Game\01_SceneState">
      <UniqueIdentifier>{96a37e96-7a7e-4a1f-abeb-0a5b7d4ca977}</UniqueIdentifier>
    </Filter>
    <Filter Include="ソース ファイル\04_Game\02_Camera">
      <UniqueIdentifier>{c0ae956a-945c-4627-a49c-31ab20eac8d0}</UniqueIdentifier>
    </Filter>
    <Filter Include="ソース ファイル\04_Game\03_Character">
      <UniqueIdentifier>{a02cd7d7-6396-4334-acdb-06f00dba8cd6}</UniqueIdentifier>
    </Filter>
    <Filter Include="ソース ファイル\04_Game\03_Character\Character_00">
      <UniqueIdentifier>{efc5da23-9735-40db-8956-45e57cc47dd8}</UniqueIdentifier>
    </Filter>
    <Filter Include="ソース ファイル\04_Game\03_Character\Character_00\Attack">
      <UniqueIdentifier>{1389c4e0-7b3c-4bfe-ad5e-f034843aa51d}</UniqueIdentifier>
    </Filter>
    <Filter Include="ソース ファイル\04_Game\03_Character\Character_00\State">
      <UniqueIdentifier>{6570717d-ba69-4dc9-bf73-90987509783e}</UniqueIdentifier>
    </Filter>
    <Filter Include="ソース ファイル\04_Game\03_Character\CharacterBase">
      <UniqueIdentifier>{c0782d59-a471-4294-91f5-eb647c37443e}</UniqueIdentifier>
    </Filter>
    <Filter Include="ソース ファイル\04_Game\03_Character\CharacterBase\00_State">
      <UniqueIdentifier>{7c58496e-fcde-468b-a9ba-c2a5f19e4b63}</UniqueIdentifier>
    </Filter>
    <Filter Include="ソース ファイル\04_Game\04_Stage">
      <UniqueIdentifier>{db577238-41ce-43ee-89d6-c4bbc6cd6831}</UniqueIdentifier>
    </Filter>
    <Filter Include="ソース ファイル\04_Game\04_Stage\Stage_00">
      <UniqueIdentifier>{833dbf51-51f5-438d-a951-dbada05c7668}</UniqueIdentifier>
    </Filter>
    <Filter Include="ソース ファイル\04_Game\04_Stage\StageBase">
      <UniqueIdentifier>{d5d82284-2b32-42fe-9fa8-746dceeac89c}</UniqueIdentifier>
    </Filter>
    <Filter Include="ソース ファイル\04_Game\05_Effect">
      <UniqueIdentifier>{5c0d8d6b-c36f-4e29-9964-ade6148289e5}</UniqueIdentifier>
    </Filter>
    <Filter Include="ソース ファイル\04_Game\06_Select">
      <UniqueIdentifier>{6e1be2eb-84d5-4e68-babd-168570e08945}</UniqueIdentifier>
    </Filter>
    <Filter Include="ソース ファイル\04_Game\07_MiniWindow">
      <UniqueIdentifier>{e5078f30-bcf9-4e5c-b58d-3d125f3ccac1}</UniqueIdentifier>
    </Filter>
    <Filter Include="ソース ファイル\04_Game\08_GameUI">
      <UniqueIdentifier>{9ff81621-1482-4d14-b73d-e9f9e00149fe}</UniqueIdentifier>
    </Filter>
    <Filter Include="ソース ファイル\04_Game\09_Pattern">
      <UniqueIdentifier>{4c12526d-8324-48ca-a06b-ee19beee1f82}</UniqueIdentifier>
    </Filter>
    <Filter Include="ソース ファイル\04_Game\09_Pattern\00_State">
      <UniqueIdentifier>{2fd5ebe2-ac7a-4988-9286-8c3d5fc46577}</UniqueIdentifier>
    </Filter>
    <Filter Include="ヘッダー ファイル\04_Game\01_SceneState">
      <UniqueIdentifier>{bb808754-2fe4-48a7-ae82-5337405fbb63}</UniqueIdentifier>
    </Filter>
    <Filter Include="ヘッダー ファイル\04_Game\00_Scene">
      <UniqueIdentifier>{d8ebe295-101d-4581-a794-852ce5b3c13a}</UniqueIdentifier>
    </Filter>
    <Filter Include="ヘッダー ファイル\04_Game\02_Camera">
      <UniqueIdentifier>{14df8b3b-0066-4d62-8d05-8661c1a0ce67}</UniqueIdentifier>
    </Filter>
    <Filter Include="ヘッダー ファイル\04_Game\03_Character">
      <UniqueIdentifier>{067bdd2c-52c4-41f8-9c24-1d6542679dca}</UniqueIdentifier>
    </Filter>
    <Filter Include="ヘッダー ファイル\04_Game\03_Character\Character_00">
      <UniqueIdentifier>{2bd36819-b618-46b2-a756-32f7465490a1}</UniqueIdentifier>
    </Filter>
    <Filter Include="ヘッダー ファイル\04_Game\03_Character\Character_00\00_State">
      <UniqueIdentifier>{7c4bbb81-6b69-4d15-b4dc-d49bfdcf78a9}</UniqueIdentifier>
    </Filter>
    <Filter Include="ヘッダー ファイル\04_Game\03_Character\Character_00\01_Attack">
      <UniqueIdentifier>{8b707b9a-a0c0-4af3-8706-2eb35d0a1683}</UniqueIdentifier>
    </Filter>
    <Filter Include="ヘッダー ファイル\04_Game\03_Character\CharacterBase">
      <UniqueIdentifier>{830d77a3-51fa-4890-b786-bfdf1462d361}</UniqueIdentifier>
    </Filter>
    <Filter Include="ヘッダー ファイル\04_Game\03_Character\CharacterBase\00_State">
      <UniqueIdentifier>{f9972334-697e-4669-921b-a47d174d37f8}</UniqueIdentifier>
    </Filter>
    <Filter Include="ヘッダー ファイル\04_Game\04_Stage">
      <UniqueIdentifier>{0a11127a-f7bd-4096-a1fb-49a1a150a1c7}</UniqueIdentifier>
    </Filter>
    <Filter Include="ヘッダー ファイル\04_Game\04_Stage\Stage_00">
      <UniqueIdentifier>{100ce985-cf6f-4aa5-8e0e-f3b7c3ffd8c2}</UniqueIdentifier>
    </Filter>
    <Filter Include="ヘッダー ファイル\04_Game\04_Stage\StageBase">
      <UniqueIdentifier>{6cdf03b3-0004-46fc-9c5a-64d707114d04}</UniqueIdentifier>
    </Filter>
    <Filter Include="ヘッダー ファイル\04_Game\05_Effect">
      <UniqueIdentifier>{f1eb7697-a67b-476c-bfbd-72af7b47bdc6}</UniqueIdentifier>
    </Filter>
    <Filter Include="ヘッダー ファイル\04_Game\06_Select">
      <UniqueIdentifier>{5eac3aa8-3271-4896-b91a-87155361f684}</UniqueIdentifier>
    </Filter>
    <Filter Include="ヘッダー ファイル\04_Game\07_MiniWindow">
      <UniqueIdentifier>{4cfb9f31-4633-42e9-bc80-4905c869e09c}</UniqueIdentifier>
    </Filter>
    <Filter Include="ヘッダー ファイル\04_Game\08_GameUI">
      <UniqueIdentifier>{b58f3543-94aa-4aea-8f52-eaa86b0ec290}</UniqueIdentifier>
    </Filter>
    <Filter Include="ヘッダー ファイル\04_Game\09_Pattern">
      <UniqueIdentifier>{8921fba4-c195-4e1f-9702-a3db7e48df14}</UniqueIdentifier>
    </Filter>
    <Filter Include="ヘッダー ファイル\04_Game\09_Pattern\00_State">
      <UniqueIdentifier>{0592f260-c867-4d83-8552-69f8351412f6}</UniqueIdentifier>
    </Filter>
    <Filter Include="ソース ファイル\04_Game\10_Title">
      <UniqueIdentifier>{bcfe8123-a206-423a-8eae-9f7d802331e1}</UniqueIdentifier>
    </Filter>
    <Filter Include="ヘッダー ファイル\04_Game\10_Title">
      <UniqueIdentifier>{9f792c2e-3268-4bfe-bb85-2df150573265}</UniqueIdentifier>
    </Filter>
    <Filter Include="ソース ファイル\04_Game\11_Fade">
      <UniqueIdentifier>{ca9fa5d7-9918-4e19-9385-99b5cc4fca81}</UniqueIdentifier>
    </Filter>
    <Filter Include="ヘッダー ファイル\04_Game\11_Fade">
      <UniqueIdentifier>{be3f3eed-4c14-47c1-9a46-422ba3b8e9e1}</UniqueIdentifier>
    </Filter>
    <Filter Include="ソース ファイル\04_Game\11_Fade\FadeOut">
      <UniqueIdentifier>{d3e3c4fc-d127-4456-95ea-d126a613065e}</UniqueIdentifier>
    </Filter>
    <Filter Include="ヘッダー ファイル\04_Game\11_Fade\FadeIn">
      <UniqueIdentifier>{c3600c5d-141d-4384-9840-2df5fa4fbfea}</UniqueIdentifier>
    </Filter>
    <Filter Include="ソース ファイル\04_Game\11_Fade\FadeIn">
      <UniqueIdentifier>{5102f77c-8a07-4c9b-bd86-e3c928fdadc3}</UniqueIdentifier>
    </Filter>
    <Filter Include="ヘッダー ファイル\04_Game\11_Fade\FadeOut">
      <UniqueIdentifier>{0199c62f-05ec-4aa4-8b8e-d0ffeada30cb}</UniqueIdentifier>
    </Filter>
    <Filter Include="ソース ファイル\04_Game\01_SceneState\03_Result">
      <UniqueIdentifier>{448fe984-7279-48cb-aeab-535ebc44f907}</UniqueIdentifier>
    </Filter>
    <Filter Include="ヘッダー ファイル\04_Game\01_SceneState\03_Result">
      <UniqueIdentifier>{b6789a25-1b63-4ba5-aec5-52942d870620}</UniqueIdentifier>
    </Filter>
    <Filter Include="ソース ファイル\04_Game\12_Result">
      <UniqueIdentifier>{1d1b4660-6ac3-4120-bb8b-2c8be6054c8b}</UniqueIdentifier>
    </Filter>
    <Filter Include="ヘッダー ファイル\04_Game\12_Result">
      <UniqueIdentifier>{b68c4f64-f944-431f-91e0-6e32b2132996}</UniqueIdentifier>
    </Filter>
    <Filter Include="ソース ファイル\04_Game\01_SceneState\02_Title">
      <UniqueIdentifier>{61b7914f-1d3e-42b9-85b0-cdc2a1f39e00}</UniqueIdentifier>
    </Filter>
    <Filter Include="ソース ファイル\04_Game\01_SceneState\00_Game">
      <UniqueIdentifier>{e8dec61f-384e-4400-826e-c5dfe06d0a78}</UniqueIdentifier>
    </Filter>
    <Filter Include="ソース ファイル\04_Game\01_SceneState\01_Select">
      <UniqueIdentifier>{88c87b85-bd17-4b52-b622-2e818dead7ac}</UniqueIdentifier>
    </Filter>
    <Filter Include="ヘッダー ファイル\04_Game\01_SceneState\00_Game">
      <UniqueIdentifier>{202eff30-1c2d-4817-aa06-fda0859f5a65}</UniqueIdentifier>
    </Filter>
    <Filter Include="ヘッダー ファイル\04_Game\01_SceneState\02_Title">
      <UniqueIdentifier>{4c7c8d09-6eb2-454b-9dc7-fd8002d163c8}</UniqueIdentifier>
    </Filter>
    <Filter Include="ヘッダー ファイル\04_Game\01_SceneState\01_Select">
      <UniqueIdentifier>{87bed96e-3657-455f-952d-53aca2b48e64}</UniqueIdentifier>
    </Filter>
    <Filter Include="ソース ファイル\04_Game\01_SceneState\04_Load">
      <UniqueIdentifier>{75dec6ba-1dff-4786-9f97-5a161396f3f8}</UniqueIdentifier>
    </Filter>
    <Filter Include="ヘッダー ファイル\04_Game\13_Load">
      <UniqueIdentifier>{33f6cd9c-dd80-401b-bfd6-914aaef14ca5}</UniqueIdentifier>
    </Filter>
    <Filter Include="ソース ファイル\04_Game\13_Load">
      <UniqueIdentifier>{5fe87770-e5b4-4284-8dbc-05d2fb364889}</UniqueIdentifier>
    </Filter>
    <Filter Include="ヘッダー ファイル\04_Game\01_SceneState\04_Load">
      <UniqueIdentifier>{50b8a066-79f0-4853-8d9a-6e433507bc5a}</UniqueIdentifier>
    </Filter>
  </ItemGroup>
  <ItemGroup>
    <ClCompile Include="BlendState.cpp">
      <Filter>ソース ファイル\01_DirectX</Filter>
    </ClCompile>
    <ClCompile Include="DirectX.cpp">
      <Filter>ソース ファイル\01_DirectX</Filter>
    </ClCompile>
    <ClCompile Include="SamplerState.cpp">
      <Filter>ソース ファイル\01_DirectX</Filter>
    </ClCompile>
    <ClCompile Include="DirectXTex\Texture.cpp">
      <Filter>ソース ファイル\01_DirectX</Filter>
    </ClCompile>
    <ClCompile Include="Timer.cpp">
      <Filter>ソース ファイル\02_System</Filter>
    </ClCompile>
    <ClCompile Include="Input.cpp">
      <Filter>ソース ファイル\02_System</Filter>
    </ClCompile>
    <ClCompile Include="MeshBuffer.cpp">
      <Filter>ソース ファイル\01_DirectX</Filter>
    </ClCompile>
    <ClCompile Include="Shader.cpp">
      <Filter>ソース ファイル\01_DirectX</Filter>
    </ClCompile>
    <ClCompile Include="ConstantBuffer.cpp">
      <Filter>ソース ファイル\01_DirectX</Filter>
    </ClCompile>
    <ClCompile Include="Model.cpp">
      <Filter>ソース ファイル\03_Assets\Model</Filter>
    </ClCompile>
    <ClCompile Include="Model_Contents.cpp">
      <Filter>ソース ファイル\03_Assets\Model</Filter>
    </ClCompile>
    <ClCompile Include="Sprite.cpp">
      <Filter>ソース ファイル\03_Assets\2D</Filter>
    </ClCompile>
    <ClCompile Include="Geometory.cpp">
      <Filter>ソース ファイル\03_Assets\Model</Filter>
    </ClCompile>
    <ClCompile Include="BGM.cpp">
      <Filter>ソース ファイル\03_Assets\Sound</Filter>
    </ClCompile>
    <ClCompile Include="SE.cpp">
      <Filter>ソース ファイル\03_Assets\Sound</Filter>
    </ClCompile>
    <ClCompile Include="Effect_Manager.cpp">
      <Filter>ソース ファイル\03_Assets\EffekSeer</Filter>
    </ClCompile>
    <ClCompile Include="Game3D.cpp">
      <Filter>ソース ファイル\00_Main</Filter>
    </ClCompile>
    <ClCompile Include="Startup.cpp">
      <Filter>ソース ファイル\00_Main</Filter>
    </ClCompile>
    <ClCompile Include="Main.cpp">
      <Filter>ソース ファイル\00_Main</Filter>
    </ClCompile>
    <ClCompile Include="Image2D.cpp">
      <Filter>ソース ファイル\03_Assets\2D</Filter>
    </ClCompile>
    <ClCompile Include="Polyline.cpp">
      <Filter>ソース ファイル\01_DirectX</Filter>
    </ClCompile>
    <ClCompile Include="Calculation.cpp">
      <Filter>ソース ファイル\02_System</Filter>
    </ClCompile>
    <ClCompile Include="ModelDrawer.cpp">
      <Filter>ソース ファイル\03_Assets\Model</Filter>
    </ClCompile>
    <ClCompile Include="CameraManager.cpp">
      <Filter>ソース ファイル\02_System</Filter>
    </ClCompile>
    <ClCompile Include="CameraBase.cpp">
      <Filter>ソース ファイル\02_System</Filter>
    </ClCompile>
    <ClCompile Include="Scene.cpp">
      <Filter>ソース ファイル\02_System</Filter>
    </ClCompile>
    <ClCompile Include="Scene00_Game.cpp">
      <Filter>ソース ファイル\04_Game\00_Scene</Filter>
    </ClCompile>
    <ClCompile Include="Collider.cpp">
      <Filter>ソース ファイル\02_System</Filter>
    </ClCompile>
    <ClCompile Include="Character_00.cpp">
      <Filter>ソース ファイル\04_Game\03_Character\Character_00</Filter>
    </ClCompile>
    <ClCompile Include="Camera00_Debug.cpp">
      <Filter>ソース ファイル\04_Game\02_Camera</Filter>
    </ClCompile>
    <ClCompile Include="Stage_00.cpp">
      <Filter>ソース ファイル\04_Game\04_Stage\Stage_00</Filter>
    </ClCompile>
    <ClCompile Include="XboxKeyboard.cpp">
      <Filter>ソース ファイル\02_System</Filter>
    </ClCompile>
    <ClCompile Include="Character_Base.cpp">
      <Filter>ソース ファイル\04_Game\03_Character\CharacterBase</Filter>
    </ClCompile>
    <ClCompile Include="Stage_Base.cpp">
      <Filter>ソース ファイル\04_Game\04_Stage\StageBase</Filter>
    </ClCompile>
    <ClCompile Include="CharacterBase_IdleState.cpp">
      <Filter>ソース ファイル\04_Game\03_Character\CharacterBase\00_State</Filter>
    </ClCompile>
    <ClCompile Include="CharacterBase_WalkState.cpp">
      <Filter>ソース ファイル\04_Game\03_Character\CharacterBase\00_State</Filter>
    </ClCompile>
    <ClCompile Include="CharacterBase_DashState.cpp">
      <Filter>ソース ファイル\04_Game\03_Character\CharacterBase\00_State</Filter>
    </ClCompile>
    <ClCompile Include="CharacterBase_JumpState.cpp">
      <Filter>ソース ファイル\04_Game\03_Character\CharacterBase\00_State</Filter>
    </ClCompile>
    <ClCompile Include="CharacterBase_AirMoveState.cpp">
      <Filter>ソース ファイル\04_Game\03_Character\CharacterBase\00_State</Filter>
    </ClCompile>
    <ClCompile Include="CharacterBase_BlowAwayState.cpp">
      <Filter>ソース ファイル\04_Game\03_Character\CharacterBase\00_State</Filter>
    </ClCompile>
    <ClCompile Include="CharacterBase_DownState.cpp">
      <Filter>ソース ファイル\04_Game\03_Character\CharacterBase\00_State</Filter>
    </ClCompile>
    <ClCompile Include="Character00_Attack11.cpp">
      <Filter>ソース ファイル\04_Game\03_Character\Character_00\Attack</Filter>
    </ClCompile>
    <ClCompile Include="Character00_Attack12.cpp">
      <Filter>ソース ファイル\04_Game\03_Character\Character_00\Attack</Filter>
    </ClCompile>
    <ClCompile Include="Character00_Attack13.cpp">
      <Filter>ソース ファイル\04_Game\03_Character\Character_00\Attack</Filter>
    </ClCompile>
    <ClCompile Include="Character00_AttackS2.cpp">
      <Filter>ソース ファイル\04_Game\03_Character\Character_00\Attack</Filter>
    </ClCompile>
    <ClCompile Include="Character00_AttackAirN.cpp">
      <Filter>ソース ファイル\04_Game\03_Character\Character_00\Attack</Filter>
    </ClCompile>
    <ClCompile Include="CharacterBase_JumpInState.cpp">
      <Filter>ソース ファイル\04_Game\03_Character\CharacterBase\00_State</Filter>
    </ClCompile>
    <ClCompile Include="imgui\imgui.cpp">
      <Filter>リソース ファイル\imgui</Filter>
    </ClCompile>
    <ClCompile Include="imgui\imgui_demo.cpp">
      <Filter>リソース ファイル\imgui</Filter>
    </ClCompile>
    <ClCompile Include="imgui\imgui_draw.cpp">
      <Filter>リソース ファイル\imgui</Filter>
    </ClCompile>
    <ClCompile Include="imgui\imgui_impl_dx11.cpp">
      <Filter>リソース ファイル\imgui</Filter>
    </ClCompile>
    <ClCompile Include="imgui\imgui_impl_win32.cpp">
      <Filter>リソース ファイル\imgui</Filter>
    </ClCompile>
    <ClCompile Include="imgui\imgui_tables.cpp">
      <Filter>リソース ファイル\imgui</Filter>
    </ClCompile>
    <ClCompile Include="imgui\imgui_widgets.cpp">
      <Filter>リソース ファイル\imgui</Filter>
    </ClCompile>
    <ClCompile Include="MiniWindow.cpp">
      <Filter>ソース ファイル\02_System</Filter>
    </ClCompile>
    <ClCompile Include="CharacterStateWindow.cpp">
      <Filter>ソース ファイル\04_Game\07_MiniWindow</Filter>
    </ClCompile>
    <ClCompile Include="WinUtil.cpp">
      <Filter>ソース ファイル\00_Main</Filter>
    </ClCompile>
    <ClCompile Include="Number2D.cpp">
      <Filter>ソース ファイル\03_Assets\2D</Filter>
    </ClCompile>
    <ClCompile Include="CharacterBase_HitStopState.cpp">
      <Filter>ソース ファイル\04_Game\03_Character\CharacterBase\00_State</Filter>
    </ClCompile>
    <ClCompile Include="Character00_AirMoveState.cpp">
      <Filter>ソース ファイル\04_Game\03_Character\Character_00\State</Filter>
    </ClCompile>
    <ClCompile Include="Character00_BlowAwayState.cpp">
      <Filter>ソース ファイル\04_Game\03_Character\Character_00\State</Filter>
    </ClCompile>
    <ClCompile Include="Character00_DashState.cpp">
      <Filter>ソース ファイル\04_Game\03_Character\Character_00\State</Filter>
    </ClCompile>
    <ClCompile Include="Character00_DownState.cpp">
      <Filter>ソース ファイル\04_Game\03_Character\Character_00\State</Filter>
    </ClCompile>
    <ClCompile Include="Character00_HitStopState.cpp">
      <Filter>ソース ファイル\04_Game\03_Character\Character_00\State</Filter>
    </ClCompile>
    <ClCompile Include="Character00_IdleState.cpp">
      <Filter>ソース ファイル\04_Game\03_Character\Character_00\State</Filter>
    </ClCompile>
    <ClCompile Include="Character00_JumpInState.cpp">
      <Filter>ソース ファイル\04_Game\03_Character\Character_00\State</Filter>
    </ClCompile>
    <ClCompile Include="Character00_JumpState.cpp">
      <Filter>ソース ファイル\04_Game\03_Character\Character_00\State</Filter>
    </ClCompile>
    <ClCompile Include="Character00_WalkState.cpp">
      <Filter>ソース ファイル\04_Game\03_Character\Character_00\State</Filter>
    </ClCompile>
    <ClCompile Include="CharacterBase_FallDownState.cpp">
      <Filter>ソース ファイル\04_Game\03_Character\CharacterBase\00_State</Filter>
    </ClCompile>
    <ClCompile Include="Character00_FallDownState.cpp">
      <Filter>ソース ファイル\04_Game\03_Character\Character_00\State</Filter>
    </ClCompile>
    <ClCompile Include="CharacterBase_LeanBackState.cpp">
      <Filter>ソース ファイル\04_Game\03_Character\CharacterBase\00_State</Filter>
    </ClCompile>
    <ClCompile Include="Character00_LeanBackState.cpp">
      <Filter>ソース ファイル\04_Game\03_Character\Character_00\State</Filter>
    </ClCompile>
    <ClCompile Include="CharacterBase_WakeUpState.cpp">
      <Filter>ソース ファイル\04_Game\03_Character\CharacterBase\00_State</Filter>
    </ClCompile>
    <ClCompile Include="Character00_WakeUpState.cpp">
      <Filter>ソース ファイル\04_Game\03_Character\Character_00\State</Filter>
    </ClCompile>
    <ClCompile Include="Camera01_Game.cpp">
      <Filter>ソース ファイル\04_Game\02_Camera</Filter>
    </ClCompile>
    <ClCompile Include="CharacterBase_DeadState.cpp">
      <Filter>ソース ファイル\04_Game\03_Character\CharacterBase\00_State</Filter>
    </ClCompile>
    <ClCompile Include="CharacterBase_RespawnState.cpp">
      <Filter>ソース ファイル\04_Game\03_Character\CharacterBase\00_State</Filter>
    </ClCompile>
    <ClCompile Include="CharacterBase_GameOverState.cpp">
      <Filter>ソース ファイル\04_Game\03_Character\CharacterBase\00_State</Filter>
    </ClCompile>
    <ClCompile Include="Scene01_Select.cpp">
      <Filter>ソース ファイル\04_Game\00_Scene</Filter>
    </ClCompile>
    <ClCompile Include="Camera02_NoMove.cpp">
      <Filter>ソース ファイル\04_Game\02_Camera</Filter>
    </ClCompile>
    <ClCompile Include="Select00_Character.cpp">
      <Filter>ソース ファイル\04_Game\06_Select</Filter>
    </ClCompile>
    <ClCompile Include="Player_Controller.cpp">
      <Filter>ソース ファイル\02_System</Filter>
    </ClCompile>
    <ClCompile Include="Select01_CharacterList.cpp">
      <Filter>ソース ファイル\04_Game\06_Select</Filter>
    </ClCompile>
    <ClCompile Include="Select02_SlideReadyToFightText.cpp">
      <Filter>ソース ファイル\04_Game\06_Select</Filter>
    </ClCompile>
    <ClCompile Include="Camera03_GameStart.cpp">
      <Filter>ソース ファイル\04_Game\02_Camera</Filter>
    </ClCompile>
    <ClCompile Include="GameUI00_StartCount.cpp">
      <Filter>ソース ファイル\04_Game\08_GameUI</Filter>
    </ClCompile>
    <ClCompile Include="Character00_DeadState.cpp">
      <Filter>ソース ファイル\04_Game\03_Character\Character_00\State</Filter>
    </ClCompile>
    <ClCompile Include="Character00_GameOverState.cpp">
      <Filter>ソース ファイル\04_Game\03_Character\Character_00\State</Filter>
    </ClCompile>
    <ClCompile Include="Character00_RespawnState.cpp">
      <Filter>ソース ファイル\04_Game\03_Character\Character_00\State</Filter>
    </ClCompile>
    <ClCompile Include="ShaderManager.cpp">
      <Filter>ソース ファイル\03_Assets\Shader</Filter>
    </ClCompile>
    <ClCompile Include="OffScreenRenderingClass.cpp">
      <Filter>ソース ファイル\03_Assets\Rendering</Filter>
    </ClCompile>
    <ClCompile Include="Image3D.cpp">
      <Filter>ソース ファイル\03_Assets\3D</Filter>
    </ClCompile>
    <ClCompile Include="Character00_AttackDS.cpp">
      <Filter>ソース ファイル\04_Game\03_Character\Character_00\Attack</Filter>
    </ClCompile>
    <ClCompile Include="Character_State.cpp">
      <Filter>ソース ファイル\04_Game\03_Character\CharacterBase</Filter>
    </ClCompile>
    <ClCompile Include="Character_Attack.cpp">
      <Filter>ソース ファイル\04_Game\03_Character\CharacterBase</Filter>
    </ClCompile>
    <ClCompile Include="StatePattern.cpp">
      <Filter>ソース ファイル\04_Game\09_Pattern\00_State</Filter>
    </ClCompile>
    <ClCompile Include="GameUI01_GameEndText.cpp">
      <Filter>ソース ファイル\04_Game\08_GameUI</Filter>
    </ClCompile>
    <ClCompile Include="TextureClass.cpp">
      <Filter>ソース ファイル\01_DirectX</Filter>
    </ClCompile>
    <ClCompile Include="SceneGame_StartState.cpp">
      <Filter>ソース ファイル\04_Game\01_SceneState\00_Game</Filter>
    </ClCompile>
    <ClCompile Include="SceneGame_GamePlayState.cpp">
      <Filter>ソース ファイル\04_Game\01_SceneState\00_Game</Filter>
    </ClCompile>
    <ClCompile Include="SceneGame_EndState.cpp">
      <Filter>ソース ファイル\04_Game\01_SceneState\00_Game</Filter>
    </ClCompile>
    <ClCompile Include="FadeBase.cpp">
      <Filter>ソース ファイル\02_System</Filter>
    </ClCompile>
    <ClCompile Include="Character00_StartAnimation.cpp">
      <Filter>ソース ファイル\04_Game\03_Character\Character_00\State</Filter>
    </ClCompile>
    <ClCompile Include="Scene02_Title.cpp">
      <Filter>ソース ファイル\04_Game\00_Scene</Filter>
    </ClCompile>
    <ClCompile Include="PushButtonText.cpp">
      <Filter>ソース ファイル\04_Game\10_Title</Filter>
    </ClCompile>
    <ClCompile Include="SceneTitle_TitleScreenState.cpp">
      <Filter>ソース ファイル\04_Game\01_SceneState\02_Title</Filter>
    </ClCompile>
    <ClCompile Include="GameUI02_StockCount.cpp">
      <Filter>ソース ファイル\04_Game\08_GameUI</Filter>
    </ClCompile>
    <ClCompile Include="Scene03_Result.cpp">
      <Filter>ソース ファイル\04_Game\00_Scene</Filter>
    </ClCompile>
    <ClCompile Include="Effect00_Dead.cpp">
      <Filter>ソース ファイル\04_Game\05_Effect</Filter>
    </ClCompile>
    <ClCompile Include="EffectBase.cpp">
      <Filter>ソース ファイル\03_Assets\EffekSeer</Filter>
    </ClCompile>
    <ClCompile Include="GameUI03_CharacterDamageUI.cpp">
      <Filter>ソース ファイル\04_Game\08_GameUI</Filter>
    </ClCompile>
    <ClCompile Include="FadeIn00_GameEnd.cpp">
      <Filter>ソース ファイル\04_Game\11_Fade\FadeIn</Filter>
    </ClCompile>
    <ClCompile Include="SceneGame_DisConnectControllerState.cpp">
      <Filter>ソース ファイル\04_Game\01_SceneState\00_Game</Filter>
    </ClCompile>
    <ClCompile Include="SceneResult_DrawWinnerNumState.cpp">
      <Filter>ソース ファイル\04_Game\01_SceneState\03_Result</Filter>
    </ClCompile>
    <ClCompile Include="PraiseWinnerPlayerText.cpp">
      <Filter>ソース ファイル\04_Game\12_Result</Filter>
    </ClCompile>
    <ClCompile Include="SceneResult_DrawResult.cpp">
      <Filter>ソース ファイル\04_Game\01_SceneState\03_Result</Filter>
    </ClCompile>
    <ClCompile Include="ResultWinnerCharacterImage.cpp">
      <Filter>ソース ファイル\04_Game\12_Result</Filter>
    </ClCompile>
    <ClCompile Include="ResultWinnerNumPanel.cpp">
      <Filter>ソース ファイル\04_Game\12_Result</Filter>
    </ClCompile>
    <ClCompile Include="Scene04_Load.cpp">
      <Filter>ソース ファイル\04_Game\00_Scene</Filter>
    </ClCompile>
    <ClCompile Include="FadeOut00_ColorFade.cpp">
      <Filter>ソース ファイル\04_Game\11_Fade\FadeOut</Filter>
    </ClCompile>
    <ClCompile Include="FadeIn01_ColorFade.cpp">
      <Filter>ソース ファイル\04_Game\11_Fade\FadeIn</Filter>
    </ClCompile>
    <ClCompile Include="SceneLoad_CharacterDrawState.cpp">
      <Filter>ソース ファイル\04_Game\01_SceneState\04_Load</Filter>
    </ClCompile>
    <ClCompile Include="SceneLoad_PanelMoveState.cpp">
      <Filter>ソース ファイル\04_Game\01_SceneState\04_Load</Filter>
    </ClCompile>
    <ClCompile Include="VersusCharacterImageMove.cpp">
      <Filter>ソース ファイル\04_Game\13_Load</Filter>
    </ClCompile>
    <ClCompile Include="VersusCharacterPanelMove.cpp">
      <Filter>ソース ファイル\04_Game\13_Load</Filter>
    </ClCompile>
    <ClCompile Include="VersusTextAnime.cpp">
      <Filter>ソース ファイル\04_Game\13_Load</Filter>
    </ClCompile>
    <ClCompile Include="SceneLoad_LoadState.cpp">
      <Filter>ソース ファイル\04_Game\01_SceneState\04_Load</Filter>
    </ClCompile>
    <ClCompile Include="VersusIconAnime.cpp">
      <Filter>ソース ファイル\04_Game\13_Load</Filter>
    </ClCompile>
    <ClCompile Include="GameUI04_OnHeadUI.cpp">
      <Filter>ソース ファイル\04_Game\08_GameUI</Filter>
    </ClCompile>
  </ItemGroup>
  <ItemGroup>
    <ClInclude Include="WinUtil.h">
      <Filter>ヘッダー ファイル\02_System</Filter>
    </ClInclude>
    <ClInclude Include="Timer.h">
      <Filter>ヘッダー ファイル\02_System</Filter>
    </ClInclude>
    <ClInclude Include="Input.h">
      <Filter>ヘッダー ファイル\02_System</Filter>
    </ClInclude>
    <ClInclude Include="DirectXTex\Texture.h">
      <Filter>ヘッダー ファイル\01_DirectX</Filter>
    </ClInclude>
    <ClInclude Include="BlendState.h">
      <Filter>ヘッダー ファイル\01_DirectX</Filter>
    </ClInclude>
    <ClInclude Include="DirectX.h">
      <Filter>ヘッダー ファイル\01_DirectX</Filter>
    </ClInclude>
    <ClInclude Include="SamplerState.h">
      <Filter>ヘッダー ファイル\01_DirectX</Filter>
    </ClInclude>
    <ClInclude Include="MeshBuffer.h">
      <Filter>ヘッダー ファイル\01_DirectX</Filter>
    </ClInclude>
    <ClInclude Include="Shader.h">
      <Filter>ヘッダー ファイル\01_DirectX</Filter>
    </ClInclude>
    <ClInclude Include="ConstantBuffer.h">
      <Filter>ヘッダー ファイル\01_DirectX</Filter>
    </ClInclude>
    <ClInclude Include="Game3D.h">
      <Filter>ヘッダー ファイル\00_Main</Filter>
    </ClInclude>
    <ClInclude Include="Main.h">
      <Filter>ヘッダー ファイル\00_Main</Filter>
    </ClInclude>
    <ClInclude Include="Geometory.h">
      <Filter>ヘッダー ファイル\03_Assets\Model</Filter>
    </ClInclude>
    <ClInclude Include="Model.h">
      <Filter>ヘッダー ファイル\03_Assets\Model</Filter>
    </ClInclude>
    <ClInclude Include="Sound.h">
      <Filter>ヘッダー ファイル\03_Assets\Sound</Filter>
    </ClInclude>
    <ClInclude Include="Sprite.h">
      <Filter>ヘッダー ファイル\03_Assets\2D</Filter>
    </ClInclude>
    <ClInclude Include="Image2D.h">
      <Filter>ヘッダー ファイル\03_Assets\2D</Filter>
    </ClInclude>
    <ClInclude Include="Effect_Manager.h">
      <Filter>ヘッダー ファイル\03_Assets\EffekSeer</Filter>
    </ClInclude>
    <ClInclude Include="Polyline.h">
      <Filter>ヘッダー ファイル\01_DirectX</Filter>
    </ClInclude>
    <ClInclude Include="Calculation.h">
      <Filter>ヘッダー ファイル\02_System</Filter>
    </ClInclude>
    <ClInclude Include="ModelDrawer.h">
      <Filter>ヘッダー ファイル\03_Assets\Model</Filter>
    </ClInclude>
    <ClInclude Include="CameraManager.h">
      <Filter>ヘッダー ファイル\02_System</Filter>
    </ClInclude>
    <ClInclude Include="CameraBase.h">
      <Filter>ヘッダー ファイル\02_System</Filter>
    </ClInclude>
    <ClInclude Include="Scene.h">
      <Filter>ヘッダー ファイル\02_System</Filter>
    </ClInclude>
    <ClInclude Include="Scene00_Game.h">
      <Filter>ヘッダー ファイル\04_Game\00_Scene</Filter>
    </ClInclude>
    <ClInclude Include="Collider.h">
      <Filter>ヘッダー ファイル\02_System</Filter>
    </ClInclude>
    <ClInclude Include="Camera00_Debug.h">
      <Filter>ヘッダー ファイル\04_Game\02_Camera</Filter>
    </ClInclude>
    <ClInclude Include="Stage_00.h">
      <Filter>ヘッダー ファイル\04_Game\04_Stage\Stage_00</Filter>
    </ClInclude>
    <ClInclude Include="XboxKeyboard.h">
      <Filter>ヘッダー ファイル\02_System</Filter>
    </ClInclude>
    <ClInclude Include="Stage_Base.h">
      <Filter>ヘッダー ファイル\04_Game\04_Stage\StageBase</Filter>
    </ClInclude>
    <ClInclude Include="Character_00.h">
      <Filter>ヘッダー ファイル\04_Game\03_Character\Character_00</Filter>
    </ClInclude>
    <ClInclude Include="Character_Base.h">
      <Filter>ヘッダー ファイル\04_Game\03_Character\CharacterBase</Filter>
    </ClInclude>
    <ClInclude Include="imgui\imconfig.h">
      <Filter>リソース ファイル\imgui</Filter>
    </ClInclude>
    <ClInclude Include="imgui\imgui.h">
      <Filter>リソース ファイル\imgui</Filter>
    </ClInclude>
    <ClInclude Include="imgui\imgui_impl_dx11.h">
      <Filter>リソース ファイル\imgui</Filter>
    </ClInclude>
    <ClInclude Include="imgui\imgui_impl_win32.h">
      <Filter>リソース ファイル\imgui</Filter>
    </ClInclude>
    <ClInclude Include="imgui\imgui_internal.h">
      <Filter>リソース ファイル\imgui</Filter>
    </ClInclude>
    <ClInclude Include="imgui\imstb_rectpack.h">
      <Filter>リソース ファイル\imgui</Filter>
    </ClInclude>
    <ClInclude Include="imgui\imstb_textedit.h">
      <Filter>リソース ファイル\imgui</Filter>
    </ClInclude>
    <ClInclude Include="imgui\imstb_truetype.h">
      <Filter>リソース ファイル\imgui</Filter>
    </ClInclude>
    <ClInclude Include="MiniWindow.h">
      <Filter>ヘッダー ファイル\02_System</Filter>
    </ClInclude>
    <ClInclude Include="CharacterStateWindow.h">
      <Filter>ヘッダー ファイル\04_Game\07_MiniWindow</Filter>
    </ClInclude>
    <ClInclude Include="Number2D.h">
      <Filter>ヘッダー ファイル\03_Assets\2D</Filter>
    </ClInclude>
    <ClInclude Include="Camera01_Game.h">
      <Filter>ヘッダー ファイル\04_Game\02_Camera</Filter>
    </ClInclude>
    <ClInclude Include="Scene01_Select.h">
      <Filter>ヘッダー ファイル\04_Game\00_Scene</Filter>
    </ClInclude>
    <ClInclude Include="Camera02_NoMove.h">
      <Filter>ヘッダー ファイル\04_Game\02_Camera</Filter>
    </ClInclude>
    <ClInclude Include="Select00_Character.h">
      <Filter>ヘッダー ファイル\04_Game\06_Select</Filter>
    </ClInclude>
    <ClInclude Include="Player_Controller.h">
      <Filter>ヘッダー ファイル\02_System</Filter>
    </ClInclude>
    <ClInclude Include="Select01_CharacterList.h">
      <Filter>ヘッダー ファイル\04_Game\06_Select</Filter>
    </ClInclude>
    <ClInclude Include="Select02_SlideReadyToFightText.h">
      <Filter>ヘッダー ファイル\04_Game\06_Select</Filter>
    </ClInclude>
    <ClInclude Include="Camera03_GameStart.h">
      <Filter>ヘッダー ファイル\04_Game\02_Camera</Filter>
    </ClInclude>
    <ClInclude Include="GameUI00_StartCount.h">
      <Filter>ヘッダー ファイル\04_Game\08_GameUI</Filter>
    </ClInclude>
    <ClInclude Include="ShaderManager.h">
      <Filter>ヘッダー ファイル\03_Assets\Shader</Filter>
    </ClInclude>
    <ClInclude Include="OffScreenRenderingClass.h">
      <Filter>ヘッダー ファイル\03_Assets\Rendering</Filter>
    </ClInclude>
    <ClInclude Include="Image3D.h">
      <Filter>ヘッダー ファイル\03_Assets\3D</Filter>
    </ClInclude>
    <ClInclude Include="CharacterBase_AirMoveState.h">
      <Filter>ヘッダー ファイル\04_Game\03_Character\CharacterBase\00_State</Filter>
    </ClInclude>
    <ClInclude Include="CharacterBase_BlowAwayState.h">
      <Filter>ヘッダー ファイル\04_Game\03_Character\CharacterBase\00_State</Filter>
    </ClInclude>
    <ClInclude Include="CharacterBase_DashState.h">
      <Filter>ヘッダー ファイル\04_Game\03_Character\CharacterBase\00_State</Filter>
    </ClInclude>
    <ClInclude Include="CharacterBase_DeadState.h">
      <Filter>ヘッダー ファイル\04_Game\03_Character\CharacterBase\00_State</Filter>
    </ClInclude>
    <ClInclude Include="CharacterBase_DownState.h">
      <Filter>ヘッダー ファイル\04_Game\03_Character\CharacterBase\00_State</Filter>
    </ClInclude>
    <ClInclude Include="CharacterBase_FallDownState.h">
      <Filter>ヘッダー ファイル\04_Game\03_Character\CharacterBase\00_State</Filter>
    </ClInclude>
    <ClInclude Include="CharacterBase_GameOverState.h">
      <Filter>ヘッダー ファイル\04_Game\03_Character\CharacterBase\00_State</Filter>
    </ClInclude>
    <ClInclude Include="CharacterBase_HitStopState.h">
      <Filter>ヘッダー ファイル\04_Game\03_Character\CharacterBase\00_State</Filter>
    </ClInclude>
    <ClInclude Include="CharacterBase_IdleState.h">
      <Filter>ヘッダー ファイル\04_Game\03_Character\CharacterBase\00_State</Filter>
    </ClInclude>
    <ClInclude Include="CharacterBase_JumpInState.h">
      <Filter>ヘッダー ファイル\04_Game\03_Character\CharacterBase\00_State</Filter>
    </ClInclude>
    <ClInclude Include="CharacterBase_JumpState.h">
      <Filter>ヘッダー ファイル\04_Game\03_Character\CharacterBase\00_State</Filter>
    </ClInclude>
    <ClInclude Include="CharacterBase_LeanBackState.h">
      <Filter>ヘッダー ファイル\04_Game\03_Character\CharacterBase\00_State</Filter>
    </ClInclude>
    <ClInclude Include="CharacterBase_RespawnState.h">
      <Filter>ヘッダー ファイル\04_Game\03_Character\CharacterBase\00_State</Filter>
    </ClInclude>
    <ClInclude Include="CharacterBase_WakeUpState.h">
      <Filter>ヘッダー ファイル\04_Game\03_Character\CharacterBase\00_State</Filter>
    </ClInclude>
    <ClInclude Include="CharacterBase_WalkState.h">
      <Filter>ヘッダー ファイル\04_Game\03_Character\CharacterBase\00_State</Filter>
    </ClInclude>
    <ClInclude Include="Character00_AirMoveState.h">
      <Filter>ヘッダー ファイル\04_Game\03_Character\Character_00\00_State</Filter>
    </ClInclude>
    <ClInclude Include="Character00_BlowAwayState.h">
      <Filter>ヘッダー ファイル\04_Game\03_Character\Character_00\00_State</Filter>
    </ClInclude>
    <ClInclude Include="Character00_DashState.h">
      <Filter>ヘッダー ファイル\04_Game\03_Character\Character_00\00_State</Filter>
    </ClInclude>
    <ClInclude Include="Character00_DeadState.h">
      <Filter>ヘッダー ファイル\04_Game\03_Character\Character_00\00_State</Filter>
    </ClInclude>
    <ClInclude Include="Character00_DownState.h">
      <Filter>ヘッダー ファイル\04_Game\03_Character\Character_00\00_State</Filter>
    </ClInclude>
    <ClInclude Include="Character00_FallDownState.h">
      <Filter>ヘッダー ファイル\04_Game\03_Character\Character_00\00_State</Filter>
    </ClInclude>
    <ClInclude Include="Character00_GameOverState.h">
      <Filter>ヘッダー ファイル\04_Game\03_Character\Character_00\00_State</Filter>
    </ClInclude>
    <ClInclude Include="Character00_HitStopState.h">
      <Filter>ヘッダー ファイル\04_Game\03_Character\Character_00\00_State</Filter>
    </ClInclude>
    <ClInclude Include="Character00_IdleState.h">
      <Filter>ヘッダー ファイル\04_Game\03_Character\Character_00\00_State</Filter>
    </ClInclude>
    <ClInclude Include="Character00_JumpInState.h">
      <Filter>ヘッダー ファイル\04_Game\03_Character\Character_00\00_State</Filter>
    </ClInclude>
    <ClInclude Include="Character00_JumpState.h">
      <Filter>ヘッダー ファイル\04_Game\03_Character\Character_00\00_State</Filter>
    </ClInclude>
    <ClInclude Include="Character00_LeanBackState.h">
      <Filter>ヘッダー ファイル\04_Game\03_Character\Character_00\00_State</Filter>
    </ClInclude>
    <ClInclude Include="Character00_RespawnState.h">
      <Filter>ヘッダー ファイル\04_Game\03_Character\Character_00\00_State</Filter>
    </ClInclude>
    <ClInclude Include="Character00_WakeUpState.h">
      <Filter>ヘッダー ファイル\04_Game\03_Character\Character_00\00_State</Filter>
    </ClInclude>
    <ClInclude Include="Character00_WalkState.h">
      <Filter>ヘッダー ファイル\04_Game\03_Character\Character_00\00_State</Filter>
    </ClInclude>
    <ClInclude Include="Character00_Attack11.h">
      <Filter>ヘッダー ファイル\04_Game\03_Character\Character_00\01_Attack</Filter>
    </ClInclude>
    <ClInclude Include="Character00_Attack12.h">
      <Filter>ヘッダー ファイル\04_Game\03_Character\Character_00\01_Attack</Filter>
    </ClInclude>
    <ClInclude Include="Character00_Attack13.h">
      <Filter>ヘッダー ファイル\04_Game\03_Character\Character_00\01_Attack</Filter>
    </ClInclude>
    <ClInclude Include="Character00_AttackAirN.h">
      <Filter>ヘッダー ファイル\04_Game\03_Character\Character_00\01_Attack</Filter>
    </ClInclude>
    <ClInclude Include="Character00_AttackDS.h">
      <Filter>ヘッダー ファイル\04_Game\03_Character\Character_00\01_Attack</Filter>
    </ClInclude>
    <ClInclude Include="Character00_AttackS2.h">
      <Filter>ヘッダー ファイル\04_Game\03_Character\Character_00\01_Attack</Filter>
    </ClInclude>
    <ClInclude Include="StatePattern.h">
      <Filter>ヘッダー ファイル\04_Game\09_Pattern\00_State</Filter>
    </ClInclude>
    <ClInclude Include="GameUI01_GameEndText.h">
      <Filter>ヘッダー ファイル\04_Game\08_GameUI</Filter>
    </ClInclude>
    <ClInclude Include="TextureClass.h">
      <Filter>ヘッダー ファイル\01_DirectX</Filter>
    </ClInclude>
    <ClInclude Include="SceneGame_StartState.h">
      <Filter>ヘッダー ファイル\04_Game\01_SceneState\00_Game</Filter>
    </ClInclude>
    <ClInclude Include="SceneGame_GamePlayState.h">
      <Filter>ヘッダー ファイル\04_Game\01_SceneState\00_Game</Filter>
    </ClInclude>
    <ClInclude Include="SceneGame_EndState.h">
      <Filter>ヘッダー ファイル\04_Game\01_SceneState\00_Game</Filter>
    </ClInclude>
    <ClInclude Include="Character_State.h">
      <Filter>ヘッダー ファイル\04_Game\03_Character\CharacterBase</Filter>
    </ClInclude>
    <ClInclude Include="Character_Attack.h">
      <Filter>ヘッダー ファイル\04_Game\03_Character\CharacterBase</Filter>
    </ClInclude>
    <ClInclude Include="FadeBase.h">
      <Filter>ヘッダー ファイル\02_System</Filter>
    </ClInclude>
    <ClInclude Include="Character00_StartAnimation.h">
      <Filter>ヘッダー ファイル\04_Game\03_Character\Character_00\00_State</Filter>
    </ClInclude>
    <ClInclude Include="Scene02_Title.h">
      <Filter>ヘッダー ファイル\04_Game\00_Scene</Filter>
    </ClInclude>
    <ClInclude Include="PushButtonText.h">
      <Filter>ヘッダー ファイル\04_Game\10_Title</Filter>
    </ClInclude>
    <ClInclude Include="SceneGame_BaseState.h">
      <Filter>ヘッダー ファイル\04_Game\01_SceneState\00_Game</Filter>
    </ClInclude>
    <ClInclude Include="SceneTitle_BaseState.h">
      <Filter>ヘッダー ファイル\04_Game\01_SceneState\02_Title</Filter>
    </ClInclude>
    <ClInclude Include="SceneTitle_TitleScreenState.h">
      <Filter>ヘッダー ファイル\04_Game\01_SceneState\02_Title</Filter>
    </ClInclude>
    <ClInclude Include="GameUI02_StockCount.h">
      <Filter>ヘッダー ファイル\04_Game\08_GameUI</Filter>
    </ClInclude>
    <ClInclude Include="Scene03_Result.h">
      <Filter>ヘッダー ファイル\04_Game\00_Scene</Filter>
    </ClInclude>
    <ClInclude Include="Effect00_Dead.h">
      <Filter>ヘッダー ファイル\04_Game\05_Effect</Filter>
    </ClInclude>
    <ClInclude Include="EffectBase.h">
      <Filter>ヘッダー ファイル\03_Assets\EffekSeer</Filter>
    </ClInclude>
    <ClInclude Include="GameUI03_CharacterDamageUI.h">
      <Filter>ヘッダー ファイル\04_Game\08_GameUI</Filter>
    </ClInclude>
    <ClInclude Include="FadeIn00_GameEnd.h">
      <Filter>ヘッダー ファイル\04_Game\11_Fade\FadeIn</Filter>
    </ClInclude>
    <ClInclude Include="SceneGame_DisConnectControllerState.h">
      <Filter>ヘッダー ファイル\04_Game\01_SceneState\00_Game</Filter>
    </ClInclude>
    <ClInclude Include="SceneResult_BaseState.h">
      <Filter>ヘッダー ファイル\04_Game\01_SceneState\03_Result</Filter>
    </ClInclude>
    <ClInclude Include="SceneResult_DrawWinnerNumState.h">
      <Filter>ヘッダー ファイル\04_Game\01_SceneState\03_Result</Filter>
    </ClInclude>
    <ClInclude Include="PraiseWinnerPlayerText.h">
      <Filter>ヘッダー ファイル\04_Game\12_Result</Filter>
    </ClInclude>
    <ClInclude Include="SceneResult_DrawResult.h">
      <Filter>ヘッダー ファイル\04_Game\01_SceneState\03_Result</Filter>
    </ClInclude>
    <ClInclude Include="ResultWinnerCharacterImage.h">
      <Filter>ヘッダー ファイル\04_Game\12_Result</Filter>
    </ClInclude>
    <ClInclude Include="ResultWinnerNumPanel.h">
      <Filter>ヘッダー ファイル\04_Game\12_Result</Filter>
    </ClInclude>
    <ClInclude Include="Scene04_Load.h">
      <Filter>ヘッダー ファイル\04_Game\00_Scene</Filter>
    </ClInclude>
    <ClInclude Include="FadeOut00_ColorFade.h">
      <Filter>ヘッダー ファイル\04_Game\11_Fade\FadeOut</Filter>
    </ClInclude>
    <ClInclude Include="FadeIn01_ColorFade.h">
      <Filter>ヘッダー ファイル\04_Game\11_Fade\FadeIn</Filter>
    </ClInclude>
    <ClInclude Include="SceneLoad_PanelMoveState.h">
      <Filter>ヘッダー ファイル\04_Game\01_SceneState\04_Load</Filter>
    </ClInclude>
    <ClInclude Include="SceneLoad_CharacterDrawState.h">
      <Filter>ヘッダー ファイル\04_Game\01_SceneState\04_Load</Filter>
    </ClInclude>
    <ClInclude Include="SceneLoad_BaseState.h">
      <Filter>ヘッダー ファイル\04_Game\01_SceneState\04_Load</Filter>
    </ClInclude>
    <ClInclude Include="VersusCharacterPanelMove.h">
      <Filter>ヘッダー ファイル\04_Game\13_Load</Filter>
    </ClInclude>
    <ClInclude Include="VersusTextAnime.h">
      <Filter>ヘッダー ファイル\04_Game\13_Load</Filter>
    </ClInclude>
    <ClInclude Include="VersusCharacterImageMove.h">
      <Filter>ヘッダー ファイル\04_Game\13_Load</Filter>
    </ClInclude>
    <ClInclude Include="SceneLoad_LoadState.h">
      <Filter>ヘッダー ファイル\04_Game\01_SceneState\04_Load</Filter>
    </ClInclude>
    <ClInclude Include="VersusIconAnime.h">
      <Filter>ヘッダー ファイル\04_Game\13_Load</Filter>
    </ClInclude>
    <ClInclude Include="GameUI04_OnHeadUI.h">
      <Filter>ヘッダー ファイル\04_Game\08_GameUI</Filter>
    </ClInclude>
  </ItemGroup>
  <ItemGroup>
    <None Include="imgui\imgui.natstepfilter">
      <Filter>リソース ファイル\imgui</Filter>
    </None>
  </ItemGroup>
  <ItemGroup>
    <Natvis Include="imgui\imgui.natvis">
      <Filter>リソース ファイル\imgui</Filter>
    </Natvis>
  </ItemGroup>
  <ItemGroup>
    <FxCompile Include="ModelVS.hlsl">
      <Filter>リソース ファイル\VertexShader</Filter>
    </FxCompile>
    <FxCompile Include="MultiplyTexturePS.hlsl">
      <Filter>リソース ファイル\PixelShader</Filter>
    </FxCompile>
    <FxCompile Include="MultiplyTextureVS.hlsl">
      <Filter>リソース ファイル\VertexShader</Filter>
    </FxCompile>
    <FxCompile Include="ComparisonColorPS.hlsl">
      <Filter>リソース ファイル\PixelShader</Filter>
    </FxCompile>
    <FxCompile Include="DirectWipePS.hlsl">
      <Filter>リソース ファイル\PixelShader</Filter>
    </FxCompile>
    <FxCompile Include="MultiplyTexturePS_ShapeCut.hlsl">
      <Filter>リソース ファイル\PixelShader</Filter>
    </FxCompile>
  </ItemGroup>
</Project>